
Microsoft Visual Studio Solution File, Format Version 12.00
# Visual Studio 15
VisualStudioVersion = 15.0.28307.421
MinimumVisualStudioVersion = 10.0.40219.1
Project("{FAE04EC0-301F-11D3-BF4B-00C04F79EFBC}") = "St.John", "St.John\St.John.csproj", "{5DF93495-A551-45B6-BC65-E604764D786F}"
EndProject
Project("{FAE04EC0-301F-11D3-BF4B-00C04F79EFBC}") = "EstrucutrasNoLin", "EstrucutrasNoLin\EstrucutrasNoLin.csproj", "{06660E1F-0662-4F50-9D75-455F2B2DAD78}"
EndProject
Global
	GlobalSection(SolutionConfigurationPlatforms) = preSolution
		Debug|Any CPU = Debug|Any CPU
		Release|Any CPU = Release|Any CPU
	EndGlobalSection
	GlobalSection(ProjectConfigurationPlatforms) = postSolution
		{5DF93495-A551-45B6-BC65-E604764D786F}.Debug|Any CPU.ActiveCfg = Debug|Any CPU
		{5DF93495-A551-45B6-BC65-E604764D786F}.Debug|Any CPU.Build.0 = Debug|Any CPU
		{5DF93495-A551-45B6-BC65-E604764D786F}.Release|Any CPU.ActiveCfg = Release|Any CPU
		{5DF93495-A551-45B6-BC65-E604764D786F}.Release|Any CPU.Build.0 = Release|Any CPU
		{06660E1F-0662-4F50-9D75-455F2B2DAD78}.Debug|Any CPU.ActiveCfg = Debug|Any CPU
		{06660E1F-0662-4F50-9D75-455F2B2DAD78}.Debug|Any CPU.Build.0 = Debug|Any CPU
		{06660E1F-0662-4F50-9D75-455F2B2DAD78}.Release|Any CPU.ActiveCfg = Release|Any CPU
		{06660E1F-0662-4F50-9D75-455F2B2DAD78}.Release|Any CPU.Build.0 = Release|Any CPU
	EndGlobalSection
	GlobalSection(SolutionProperties) = preSolution
		HideSolutionNode = FALSE
	EndGlobalSection
	GlobalSection(ExtensibilityGlobals) = postSolution
		SolutionGuid = {4FE6890D-3A03-454E-A9B1-A868E8A85916}
	EndGlobalSection
EndGlobal
